
Microsoft Visual Studio Solution File, Format Version 12.00
Project("{FAE04EC0-301F-11D3-BF4B-00C04F79EFBC}") = "Downcast.Common.Logging", "src\Downcast.Common.Logging\Downcast.Common.Logging.csproj", "{D79351D1-2100-49A4-8A3B-E049040BD62E}"
EndProject
Project("{2150E333-8FDC-42A3-9474-1A3956D46DE8}") = "solution items", "solution items", "{5193BC78-CC8C-4D78-AD15-421465243C2B}"
	ProjectSection(SolutionItems) = preProject
		.gitignore = .gitignore
		.editorconfig = .editorconfig
		gitHubAction = .github\workflows\publish_nuget.yml
		README.md = README.md
	EndProjectSection
EndProject
Project("{2150E333-8FDC-42A3-9474-1A3956D46DE8}") = "src", "src", "{7E1679AC-AF1F-4442-94AC-BBDC9F14CD07}"
EndProject
Project("{2150E333-8FDC-42A3-9474-1A3956D46DE8}") = "test", "test", "{0CD0D260-21A0-4412-8DEA-C287481DB78A}"
EndProject
Project("{FAE04EC0-301F-11D3-BF4B-00C04F79EFBC}") = "Downcast.Common.HttpClient.Extensions", "src\Downcast.Common.HttpClient.Extensions\Downcast.Common.HttpClient.Extensions.csproj", "{8427F886-5CD9-4417-99EE-FA78805A2567}"
EndProject
Project("{FAE04EC0-301F-11D3-BF4B-00C04F79EFBC}") = "Downcast.Common.Errors", "src\Downcast.Common.Errors\Downcast.Common.Errors.csproj", "{9294CBDF-3859-499C-B5E9-5678D8C5777F}"
EndProject
Project("{FAE04EC0-301F-11D3-BF4B-00C04F79EFBC}") = "Downcast.Common.Errors.Handler", "src\Downcast.Common.Errors.Handler\Downcast.Common.Errors.Handler.csproj", "{CD91948F-D0C0-4685-9758-8C04363B2024}"
EndProject
Project("{FAE04EC0-301F-11D3-BF4B-00C04F79EFBC}") = "Downcast.Common.Data.Validators", "src\Downcast.Common.Data.Validators\Downcast.Common.Data.Validators.csproj", "{36CD4FFF-141F-4D7A-A0F1-272DA5D4CE18}"
EndProject
Global
	GlobalSection(SolutionConfigurationPlatforms) = preSolution
		Debug|Any CPU = Debug|Any CPU
		Release|Any CPU = Release|Any CPU
	EndGlobalSection
	GlobalSection(ProjectConfigurationPlatforms) = postSolution
		{D79351D1-2100-49A4-8A3B-E049040BD62E}.Debug|Any CPU.ActiveCfg = Debug|Any CPU
		{D79351D1-2100-49A4-8A3B-E049040BD62E}.Debug|Any CPU.Build.0 = Debug|Any CPU
		{D79351D1-2100-49A4-8A3B-E049040BD62E}.Release|Any CPU.ActiveCfg = Release|Any CPU
		{D79351D1-2100-49A4-8A3B-E049040BD62E}.Release|Any CPU.Build.0 = Release|Any CPU
		{8427F886-5CD9-4417-99EE-FA78805A2567}.Debug|Any CPU.ActiveCfg = Debug|Any CPU
		{8427F886-5CD9-4417-99EE-FA78805A2567}.Debug|Any CPU.Build.0 = Debug|Any CPU
		{8427F886-5CD9-4417-99EE-FA78805A2567}.Release|Any CPU.ActiveCfg = Release|Any CPU
		{8427F886-5CD9-4417-99EE-FA78805A2567}.Release|Any CPU.Build.0 = Release|Any CPU
		{9294CBDF-3859-499C-B5E9-5678D8C5777F}.Debug|Any CPU.ActiveCfg = Debug|Any CPU
		{9294CBDF-3859-499C-B5E9-5678D8C5777F}.Debug|Any CPU.Build.0 = Debug|Any CPU
		{9294CBDF-3859-499C-B5E9-5678D8C5777F}.Release|Any CPU.ActiveCfg = Release|Any CPU
		{9294CBDF-3859-499C-B5E9-5678D8C5777F}.Release|Any CPU.Build.0 = Release|Any CPU
		{CD91948F-D0C0-4685-9758-8C04363B2024}.Debug|Any CPU.ActiveCfg = Debug|Any CPU
		{CD91948F-D0C0-4685-9758-8C04363B2024}.Debug|Any CPU.Build.0 = Debug|Any CPU
		{CD91948F-D0C0-4685-9758-8C04363B2024}.Release|Any CPU.ActiveCfg = Release|Any CPU
		{CD91948F-D0C0-4685-9758-8C04363B2024}.Release|Any CPU.Build.0 = Release|Any CPU
		{36CD4FFF-141F-4D7A-A0F1-272DA5D4CE18}.Debug|Any CPU.ActiveCfg = Debug|Any CPU
		{36CD4FFF-141F-4D7A-A0F1-272DA5D4CE18}.Debug|Any CPU.Build.0 = Debug|Any CPU
		{36CD4FFF-141F-4D7A-A0F1-272DA5D4CE18}.Release|Any CPU.ActiveCfg = Release|Any CPU
		{36CD4FFF-141F-4D7A-A0F1-272DA5D4CE18}.Release|Any CPU.Build.0 = Release|Any CPU
	EndGlobalSection
	GlobalSection(NestedProjects) = preSolution
		{D79351D1-2100-49A4-8A3B-E049040BD62E} = {7E1679AC-AF1F-4442-94AC-BBDC9F14CD07}
		{8427F886-5CD9-4417-99EE-FA78805A2567} = {7E1679AC-AF1F-4442-94AC-BBDC9F14CD07}
		{9294CBDF-3859-499C-B5E9-5678D8C5777F} = {7E1679AC-AF1F-4442-94AC-BBDC9F14CD07}
		{CD91948F-D0C0-4685-9758-8C04363B2024} = {7E1679AC-AF1F-4442-94AC-BBDC9F14CD07}
		{36CD4FFF-141F-4D7A-A0F1-272DA5D4CE18} = {7E1679AC-AF1F-4442-94AC-BBDC9F14CD07}
	EndGlobalSection
EndGlobal
